// !$*UTF8*$!
{
	archiveVersion = 1;
	classes = {
	};
	objectVersion = 46;
	objects = {

/* Begin PBXBuildFile section */
		932EA7A118AF351D0003D9A3 /* Foundation.framework in Frameworks */ = {isa = PBXBuildFile; fileRef = 932EA7A018AF351D0003D9A3 /* Foundation.framework */; };
		932EA7A318AF351D0003D9A3 /* CoreGraphics.framework in Frameworks */ = {isa = PBXBuildFile; fileRef = 932EA7A218AF351D0003D9A3 /* CoreGraphics.framework */; };
		932EA7A518AF351D0003D9A3 /* UIKit.framework in Frameworks */ = {isa = PBXBuildFile; fileRef = 932EA7A418AF351D0003D9A3 /* UIKit.framework */; };
		932EA7AB18AF351D0003D9A3 /* InfoPlist.strings in Resources */ = {isa = PBXBuildFile; fileRef = 932EA7A918AF351D0003D9A3 /* InfoPlist.strings */; };
		932EA7AD18AF351D0003D9A3 /* main.m in Sources */ = {isa = PBXBuildFile; fileRef = 932EA7AC18AF351D0003D9A3 /* main.m */; };
		932EA7B118AF351D0003D9A3 /* NPAppDelegate.m in Sources */ = {isa = PBXBuildFile; fileRef = 932EA7B018AF351D0003D9A3 /* NPAppDelegate.m */; };
		932EA7B418AF351D0003D9A3 /* Main.storyboard in Resources */ = {isa = PBXBuildFile; fileRef = 932EA7B218AF351D0003D9A3 /* Main.storyboard */; };
		932EA7B718AF351D0003D9A3 /* NPViewController.m in Sources */ = {isa = PBXBuildFile; fileRef = 932EA7B618AF351D0003D9A3 /* NPViewController.m */; };
		932EA7B918AF351D0003D9A3 /* Images.xcassets in Resources */ = {isa = PBXBuildFile; fileRef = 932EA7B818AF351D0003D9A3 /* Images.xcassets */; };
		932EA7C018AF351D0003D9A3 /* XCTest.framework in Frameworks */ = {isa = PBXBuildFile; fileRef = 932EA7BF18AF351D0003D9A3 /* XCTest.framework */; };
		932EA7C118AF351D0003D9A3 /* Foundation.framework in Frameworks */ = {isa = PBXBuildFile; fileRef = 932EA7A018AF351D0003D9A3 /* Foundation.framework */; };
		932EA7C218AF351D0003D9A3 /* UIKit.framework in Frameworks */ = {isa = PBXBuildFile; fileRef = 932EA7A418AF351D0003D9A3 /* UIKit.framework */; };
		932EA7CA18AF351D0003D9A3 /* InfoPlist.strings in Resources */ = {isa = PBXBuildFile; fileRef = 932EA7C818AF351D0003D9A3 /* InfoPlist.strings */; };
		932EA7CC18AF351D0003D9A3 /* Doge_Price_WowTests.m in Sources */ = {isa = PBXBuildFile; fileRef = 932EA7CB18AF351D0003D9A3 /* Doge_Price_WowTests.m */; };
/* End PBXBuildFile section */

/* Begin PBXContainerItemProxy section */
		932EA7C318AF351D0003D9A3 /* PBXContainerItemProxy */ = {
			isa = PBXContainerItemProxy;
			containerPortal = 932EA79518AF351D0003D9A3 /* Project object */;
			proxyType = 1;
			remoteGlobalIDString = 932EA79C18AF351D0003D9A3;
			remoteInfo = "Doge Price Wow";
		};
/* End PBXContainerItemProxy section */

/* Begin PBXFileReference section */
		932EA79D18AF351D0003D9A3 /* Doge Price Wow.app */ = {isa = PBXFileReference; explicitFileType = wrapper.application; includeInIndex = 0; path = "Doge Price Wow.app"; sourceTree = BUILT_PRODUCTS_DIR; };
		932EA7A018AF351D0003D9A3 /* Foundation.framework */ = {isa = PBXFileReference; lastKnownFileType = wrapper.framework; name = Foundation.framework; path = System/Library/Frameworks/Foundation.framework; sourceTree = SDKROOT; };
		932EA7A218AF351D0003D9A3 /* CoreGraphics.framework */ = {isa = PBXFileReference; lastKnownFileType = wrapper.framework; name = CoreGraphics.framework; path = System/Library/Frameworks/CoreGraphics.framework; sourceTree = SDKROOT; };
		932EA7A418AF351D0003D9A3 /* UIKit.framework */ = {isa = PBXFileReference; lastKnownFileType = wrapper.framework; name = UIKit.framework; path = System/Library/Frameworks/UIKit.framework; sourceTree = SDKROOT; };
		932EA7A818AF351D0003D9A3 /* Doge Price Wow-Info.plist */ = {isa = PBXFileReference; lastKnownFileType = text.plist.xml; path = "Doge Price Wow-Info.plist"; sourceTree = "<group>"; };
		932EA7AA18AF351D0003D9A3 /* en */ = {isa = PBXFileReference; lastKnownFileType = text.plist.strings; name = en; path = en.lproj/InfoPlist.strings; sourceTree = "<group>"; };
		932EA7AC18AF351D0003D9A3 /* main.m */ = {isa = PBXFileReference; lastKnownFileType = sourcecode.c.objc; path = main.m; sourceTree = "<group>"; };
		932EA7AE18AF351D0003D9A3 /* Doge Price Wow-Prefix.pch */ = {isa = PBXFileReference; lastKnownFileType = sourcecode.c.h; path = "Doge Price Wow-Prefix.pch"; sourceTree = "<group>"; };
		932EA7AF18AF351D0003D9A3 /* NPAppDelegate.h */ = {isa = PBXFileReference; lastKnownFileType = sourcecode.c.h; path = NPAppDelegate.h; sourceTree = "<group>"; };
		932EA7B018AF351D0003D9A3 /* NPAppDelegate.m */ = {isa = PBXFileReference; lastKnownFileType = sourcecode.c.objc; path = NPAppDelegate.m; sourceTree = "<group>"; };
		932EA7B318AF351D0003D9A3 /* Base */ = {isa = PBXFileReference; lastKnownFileType = file.storyboard; name = Base; path = Base.lproj/Main.storyboard; sourceTree = "<group>"; };
		932EA7B518AF351D0003D9A3 /* NPViewController.h */ = {isa = PBXFileReference; lastKnownFileType = sourcecode.c.h; path = NPViewController.h; sourceTree = "<group>"; };
		932EA7B618AF351D0003D9A3 /* NPViewController.m */ = {isa = PBXFileReference; lastKnownFileType = sourcecode.c.objc; path = NPViewController.m; sourceTree = "<group>"; };
		932EA7B818AF351D0003D9A3 /* Images.xcassets */ = {isa = PBXFileReference; lastKnownFileType = folder.assetcatalog; path = Images.xcassets; sourceTree = "<group>"; };
		932EA7BE18AF351D0003D9A3 /* Doge Price WowTests.xctest */ = {isa = PBXFileReference; explicitFileType = wrapper.cfbundle; includeInIndex = 0; path = "Doge Price WowTests.xctest"; sourceTree = BUILT_PRODUCTS_DIR; };
		932EA7BF18AF351D0003D9A3 /* XCTest.framework */ = {isa = PBXFileReference; lastKnownFileType = wrapper.framework; name = XCTest.framework; path = Library/Frameworks/XCTest.framework; sourceTree = DEVELOPER_DIR; };
		932EA7C718AF351D0003D9A3 /* Doge Price WowTests-Info.plist */ = {isa = PBXFileReference; lastKnownFileType = text.plist.xml; path = "Doge Price WowTests-Info.plist"; sourceTree = "<group>"; };
		932EA7C918AF351D0003D9A3 /* en */ = {isa = PBXFileReference; lastKnownFileType = text.plist.strings; name = en; path = en.lproj/InfoPlist.strings; sourceTree = "<group>"; };
		932EA7CB18AF351D0003D9A3 /* Doge_Price_WowTests.m */ = {isa = PBXFileReference; lastKnownFileType = sourcecode.c.objc; path = Doge_Price_WowTests.m; sourceTree = "<group>"; };
/* End PBXFileReference section */

/* Begin PBXFrameworksBuildPhase section */
		932EA79A18AF351D0003D9A3 /* Frameworks */ = {
			isa = PBXFrameworksBuildPhase;
			buildActionMask = 2147483647;
			files = (
				932EA7A318AF351D0003D9A3 /* CoreGraphics.framework in Frameworks */,
				932EA7A518AF351D0003D9A3 /* UIKit.framework in Frameworks */,
				932EA7A118AF351D0003D9A3 /* Foundation.framework in Frameworks */,
			);
			runOnlyForDeploymentPostprocessing = 0;
		};
		932EA7BB18AF351D0003D9A3 /* Frameworks */ = {
			isa = PBXFrameworksBuildPhase;
			buildActionMask = 2147483647;
			files = (
				932EA7C018AF351D0003D9A3 /* XCTest.framework in Frameworks */,
				932EA7C218AF351D0003D9A3 /* UIKit.framework in Frameworks */,
				932EA7C118AF351D0003D9A3 /* Foundation.framework in Frameworks */,
			);
			runOnlyForDeploymentPostprocessing = 0;
		};
/* End PBXFrameworksBuildPhase section */

/* Begin PBXGroup section */
		932EA79418AF351D0003D9A3 = {
			isa = PBXGroup;
			children = (
				932EA7A618AF351D0003D9A3 /* Doge Price Wow */,
				932EA7C518AF351D0003D9A3 /* Doge Price WowTests */,
				932EA79F18AF351D0003D9A3 /* Frameworks */,
				932EA79E18AF351D0003D9A3 /* Products */,
			);
			sourceTree = "<group>";
		};
		932EA79E18AF351D0003D9A3 /* Products */ = {
			isa = PBXGroup;
			children = (
				932EA79D18AF351D0003D9A3 /* Doge Price Wow.app */,
				932EA7BE18AF351D0003D9A3 /* Doge Price WowTests.xctest */,
			);
			name = Products;
			sourceTree = "<group>";
		};
		932EA79F18AF351D0003D9A3 /* Frameworks */ = {
			isa = PBXGroup;
			children = (
				932EA7A018AF351D0003D9A3 /* Foundation.framework */,
				932EA7A218AF351D0003D9A3 /* CoreGraphics.framework */,
				932EA7A418AF351D0003D9A3 /* UIKit.framework */,
				932EA7BF18AF351D0003D9A3 /* XCTest.framework */,
			);
			name = Frameworks;
			sourceTree = "<group>";
		};
		932EA7A618AF351D0003D9A3 /* Doge Price Wow */ = {
			isa = PBXGroup;
			children = (
				932EA7AF18AF351D0003D9A3 /* NPAppDelegate.h */,
				932EA7B018AF351D0003D9A3 /* NPAppDelegate.m */,
				932EA7B218AF351D0003D9A3 /* Main.storyboard */,
				932EA7B518AF351D0003D9A3 /* NPViewController.h */,
				932EA7B618AF351D0003D9A3 /* NPViewController.m */,
				932EA7B818AF351D0003D9A3 /* Images.xcassets */,
				932EA7A718AF351D0003D9A3 /* Supporting Files */,
			);
			path = "Doge Price Wow";
			sourceTree = "<group>";
		};
		932EA7A718AF351D0003D9A3 /* Supporting Files */ = {
			isa = PBXGroup;
			children = (
				932EA7A818AF351D0003D9A3 /* Doge Price Wow-Info.plist */,
				932EA7A918AF351D0003D9A3 /* InfoPlist.strings */,
				932EA7AC18AF351D0003D9A3 /* main.m */,
				932EA7AE18AF351D0003D9A3 /* Doge Price Wow-Prefix.pch */,
			);
			name = "Supporting Files";
			sourceTree = "<group>";
		};
		932EA7C518AF351D0003D9A3 /* Doge Price WowTests */ = {
			isa = PBXGroup;
			children = (
				932EA7CB18AF351D0003D9A3 /* Doge_Price_WowTests.m */,
				932EA7C618AF351D0003D9A3 /* Supporting Files */,
			);
			path = "Doge Price WowTests";
			sourceTree = "<group>";
		};
		932EA7C618AF351D0003D9A3 /* Supporting Files */ = {
			isa = PBXGroup;
			children = (
				932EA7C718AF351D0003D9A3 /* Doge Price WowTests-Info.plist */,
				932EA7C818AF351D0003D9A3 /* InfoPlist.strings */,
			);
			name = "Supporting Files";
			sourceTree = "<group>";
		};
/* End PBXGroup section */

/* Begin PBXNativeTarget section */
		932EA79C18AF351D0003D9A3 /* Doge Price Wow */ = {
			isa = PBXNativeTarget;
			buildConfigurationList = 932EA7CF18AF351D0003D9A3 /* Build configuration list for PBXNativeTarget "Doge Price Wow" */;
			buildPhases = (
				932EA79918AF351D0003D9A3 /* Sources */,
				932EA79A18AF351D0003D9A3 /* Frameworks */,
				932EA79B18AF351D0003D9A3 /* Resources */,
			);
			buildRules = (
			);
			dependencies = (
			);
			name = "Doge Price Wow";
			productName = "Doge Price Wow";
			productReference = 932EA79D18AF351D0003D9A3 /* Doge Price Wow.app */;
			productType = "com.apple.product-type.application";
		};
		932EA7BD18AF351D0003D9A3 /* Doge Price WowTests */ = {
			isa = PBXNativeTarget;
			buildConfigurationList = 932EA7D218AF351D0003D9A3 /* Build configuration list for PBXNativeTarget "Doge Price WowTests" */;
			buildPhases = (
				932EA7BA18AF351D0003D9A3 /* Sources */,
				932EA7BB18AF351D0003D9A3 /* Frameworks */,
				932EA7BC18AF351D0003D9A3 /* Resources */,
			);
			buildRules = (
			);
			dependencies = (
				932EA7C418AF351D0003D9A3 /* PBXTargetDependency */,
			);
			name = "Doge Price WowTests";
			productName = "Doge Price WowTests";
			productReference = 932EA7BE18AF351D0003D9A3 /* Doge Price WowTests.xctest */;
			productType = "com.apple.product-type.bundle.unit-test";
		};
/* End PBXNativeTarget section */

/* Begin PBXProject section */
		932EA79518AF351D0003D9A3 /* Project object */ = {
			isa = PBXProject;
			attributes = {
				CLASSPREFIX = NP;
				LastUpgradeCheck = 0500;
				ORGANIZATIONNAME = NathanPabrai;
				TargetAttributes = {
					932EA7BD18AF351D0003D9A3 = {
						TestTargetID = 932EA79C18AF351D0003D9A3;
					};
				};
			};
			buildConfigurationList = 932EA79818AF351D0003D9A3 /* Build configuration list for PBXProject "Doge Price Wow" */;
			compatibilityVersion = "Xcode 3.2";
			developmentRegion = English;
			hasScannedForEncodings = 0;
			knownRegions = (
				en,
				Base,
			);
			mainGroup = 932EA79418AF351D0003D9A3;
			productRefGroup = 932EA79E18AF351D0003D9A3 /* Products */;
			projectDirPath = "";
			projectRoot = "";
			targets = (
				932EA79C18AF351D0003D9A3 /* Doge Price Wow */,
				932EA7BD18AF351D0003D9A3 /* Doge Price WowTests */,
			);
		};
/* End PBXProject section */

/* Begin PBXResourcesBuildPhase section */
		932EA79B18AF351D0003D9A3 /* Resources */ = {
			isa = PBXResourcesBuildPhase;
			buildActionMask = 2147483647;
			files = (
				932EA7B918AF351D0003D9A3 /* Images.xcassets in Resources */,
				932EA7AB18AF351D0003D9A3 /* InfoPlist.strings in Resources */,
				932EA7B418AF351D0003D9A3 /* Main.storyboard in Resources */,
			);
			runOnlyForDeploymentPostprocessing = 0;
		};
		932EA7BC18AF351D0003D9A3 /* Resources */ = {
			isa = PBXResourcesBuildPhase;
			buildActionMask = 2147483647;
			files = (
				932EA7CA18AF351D0003D9A3 /* InfoPlist.strings in Resources */,
			);
			runOnlyForDeploymentPostprocessing = 0;
		};
/* End PBXResourcesBuildPhase section */

/* Begin PBXSourcesBuildPhase section */
		932EA79918AF351D0003D9A3 /* Sources */ = {
			isa = PBXSourcesBuildPhase;
			buildActionMask = 2147483647;
			files = (
				932EA7B718AF351D0003D9A3 /* NPViewController.m in Sources */,
				932EA7B118AF351D0003D9A3 /* NPAppDelegate.m in Sources */,
				932EA7AD18AF351D0003D9A3 /* main.m in Sources */,
			);
			runOnlyForDeploymentPostprocessing = 0;
		};
		932EA7BA18AF351D0003D9A3 /* Sources */ = {
			isa = PBXSourcesBuildPhase;
			buildActionMask = 2147483647;
			files = (
				932EA7CC18AF351D0003D9A3 /* Doge_Price_WowTests.m in Sources */,
			);
			runOnlyForDeploymentPostprocessing = 0;
		};
/* End PBXSourcesBuildPhase section */

/* Begin PBXTargetDependency section */
		932EA7C418AF351D0003D9A3 /* PBXTargetDependency */ = {
			isa = PBXTargetDependency;
			target = 932EA79C18AF351D0003D9A3 /* Doge Price Wow */;
			targetProxy = 932EA7C318AF351D0003D9A3 /* PBXContainerItemProxy */;
		};
/* End PBXTargetDependency section */

/* Begin PBXVariantGroup section */
		932EA7A918AF351D0003D9A3 /* InfoPlist.strings */ = {
			isa = PBXVariantGroup;
			children = (
				932EA7AA18AF351D0003D9A3 /* en */,
			);
			name = InfoPlist.strings;
			sourceTree = "<group>";
		};
		932EA7B218AF351D0003D9A3 /* Main.storyboard */ = {
			isa = PBXVariantGroup;
			children = (
				932EA7B318AF351D0003D9A3 /* Base */,
			);
			name = Main.storyboard;
			sourceTree = "<group>";
		};
		932EA7C818AF351D0003D9A3 /* InfoPlist.strings */ = {
			isa = PBXVariantGroup;
			children = (
				932EA7C918AF351D0003D9A3 /* en */,
			);
			name = InfoPlist.strings;
			sourceTree = "<group>";
		};
/* End PBXVariantGroup section */

/* Begin XCBuildConfiguration section */
		932EA7CD18AF351D0003D9A3 /* Debug */ = {
			isa = XCBuildConfiguration;
			buildSettings = {
				ALWAYS_SEARCH_USER_PATHS = NO;
				ARCHS = "$(ARCHS_STANDARD_INCLUDING_64_BIT)";
				CLANG_CXX_LANGUAGE_STANDARD = "gnu++0x";
				CLANG_CXX_LIBRARY = "libc++";
				CLANG_ENABLE_MODULES = YES;
				CLANG_ENABLE_OBJC_ARC = YES;
				CLANG_WARN_BOOL_CONVERSION = YES;
				CLANG_WARN_CONSTANT_CONVERSION = YES;
				CLANG_WARN_DIRECT_OBJC_ISA_USAGE = YES_ERROR;
				CLANG_WARN_EMPTY_BODY = YES;
				CLANG_WARN_ENUM_CONVERSION = YES;
				CLANG_WARN_INT_CONVERSION = YES;
				CLANG_WARN_OBJC_ROOT_CLASS = YES_ERROR;
				CLANG_WARN__DUPLICATE_METHOD_MATCH = YES;
				"CODE_SIGN_IDENTITY[sdk=iphoneos*]" = "iPhone Developer";
				COPY_PHASE_STRIP = NO;
				GCC_C_LANGUAGE_STANDARD = gnu99;
				GCC_DYNAMIC_NO_PIC = NO;
				GCC_OPTIMIZATION_LEVEL = 0;
				GCC_PREPROCESSOR_DEFINITIONS = (
					"DEBUG=1",
					"$(inherited)",
				);
				GCC_SYMBOLS_PRIVATE_EXTERN = NO;
				GCC_WARN_64_TO_32_BIT_CONVERSION = YES;
				GCC_WARN_ABOUT_RETURN_TYPE = YES_ERROR;
				GCC_WARN_UNDECLARED_SELECTOR = YES;
				GCC_WARN_UNINITIALIZED_AUTOS = YES;
				GCC_WARN_UNUSED_FUNCTION = YES;
				GCC_WARN_UNUSED_VARIABLE = YES;
				IPHONEOS_DEPLOYMENT_TARGET = 7.0;
				ONLY_ACTIVE_ARCH = YES;
				SDKROOT = iphoneos;
			};
			name = Debug;
		};
		932EA7CE18AF351D0003D9A3 /* Release */ = {
			isa = XCBuildConfiguration;
			buildSettings = {
				ALWAYS_SEARCH_USER_PATHS = NO;
				ARCHS = "$(ARCHS_STANDARD_INCLUDING_64_BIT)";
				CLANG_CXX_LANGUAGE_STANDARD = "gnu++0x";
				CLANG_CXX_LIBRARY = "libc++";
				CLANG_ENABLE_MODULES = YES;
				CLANG_ENABLE_OBJC_ARC = YES;
				CLANG_WARN_BOOL_CONVERSION = YES;
				CLANG_WARN_CONSTANT_CONVERSION = YES;
				CLANG_WARN_DIRECT_OBJC_ISA_USAGE = YES_ERROR;
				CLANG_WARN_EMPTY_BODY = YES;
				CLANG_WARN_ENUM_CONVERSION = YES;
				CLANG_WARN_INT_CONVERSION = YES;
				CLANG_WARN_OBJC_ROOT_CLASS = YES_ERROR;
				CLANG_WARN__DUPLICATE_METHOD_MATCH = YES;
				"CODE_SIGN_IDENTITY[sdk=iphoneos*]" = "iPhone Developer";
				COPY_PHASE_STRIP = YES;
				ENABLE_NS_ASSERTIONS = NO;
				GCC_C_LANGUAGE_STANDARD = gnu99;
				GCC_WARN_64_TO_32_BIT_CONVERSION = YES;
				GCC_WARN_ABOUT_RETURN_TYPE = YES_ERROR;
				GCC_WARN_UNDECLARED_SELECTOR = YES;
				GCC_WARN_UNINITIALIZED_AUTOS = YES;
				GCC_WARN_UNUSED_FUNCTION = YES;
				GCC_WARN_UNUSED_VARIABLE = YES;
				IPHONEOS_DEPLOYMENT_TARGET = 7.0;
				SDKROOT = iphoneos;
				VALIDATE_PRODUCT = YES;
			};
			name = Release;
		};
		932EA7D018AF351D0003D9A3 /* Debug */ = {
			isa = XCBuildConfiguration;
			buildSettings = {
				ASSETCATALOG_COMPILER_APPICON_NAME = AppIcon;
				ASSETCATALOG_COMPILER_LAUNCHIMAGE_NAME = LaunchImage;
				GCC_PRECOMPILE_PREFIX_HEADER = YES;
				GCC_PREFIX_HEADER = "Doge Price Wow/Doge Price Wow-Prefix.pch";
				INFOPLIST_FILE = "Doge Price Wow/Doge Price Wow-Info.plist";
				PRODUCT_NAME = "$(TARGET_NAME)";
				WRAPPER_EXTENSION = app;
			};
			name = Debug;
		};
		932EA7D118AF351D0003D9A3 /* Release */ = {
			isa = XCBuildConfiguration;
			buildSettings = {
				ASSETCATALOG_COMPILER_APPICON_NAME = AppIcon;
				ASSETCATALOG_COMPILER_LAUNCHIMAGE_NAME = LaunchImage;
				GCC_PRECOMPILE_PREFIX_HEADER = YES;
				GCC_PREFIX_HEADER = "Doge Price Wow/Doge Price Wow-Prefix.pch";
				INFOPLIST_FILE = "Doge Price Wow/Doge Price Wow-Info.plist";
				PRODUCT_NAME = "$(TARGET_NAME)";
				WRAPPER_EXTENSION = app;
			};
			name = Release;
		};
		932EA7D318AF351D0003D9A3 /* Debug */ = {
			isa = XCBuildConfiguration;
			buildSettings = {
				ARCHS = "$(ARCHS_STANDARD_INCLUDING_64_BIT)";
				BUNDLE_LOADER = "$(BUILT_PRODUCTS_DIR)/Doge Price Wow.app/Doge Price Wow";
				FRAMEWORK_SEARCH_PATHS = (
					"$(SDKROOT)/Developer/Library/Frameworks",
					"$(inherited)",
					"$(DEVELOPER_FRAMEWORKS_DIR)",
				);
				GCC_PRECOMPILE_PREFIX_HEADER = YES;
				GCC_PREFIX_HEADER = "Doge Price Wow/Doge Price Wow-Prefix.pch";
				GCC_PREPROCESSOR_DEFINITIONS = (
					"DEBUG=1",
					"$(inherited)",
				);
				INFOPLIST_FILE = "Doge Price WowTests/Doge Price WowTests-Info.plist";
				PRODUCT_NAME = "$(TARGET_NAME)";
				TEST_HOST = "$(BUNDLE_LOADER)";
				WRAPPER_EXTENSION = xctest;
			};
			name = Debug;
		};
		932EA7D418AF351D0003D9A3 /* Release */ = {
			isa = XCBuildConfiguration;
			buildSettings = {
				ARCHS = "$(ARCHS_STANDARD_INCLUDING_64_BIT)";
				BUNDLE_LOADER = "$(BUILT_PRODUCTS_DIR)/Doge Price Wow.app/Doge Price Wow";
				FRAMEWORK_SEARCH_PATHS = (
					"$(SDKROOT)/Developer/Library/Frameworks",
					"$(inherited)",
					"$(DEVELOPER_FRAMEWORKS_DIR)",
				);
				GCC_PRECOMPILE_PREFIX_HEADER = YES;
				GCC_PREFIX_HEADER = "Doge Price Wow/Doge Price Wow-Prefix.pch";
				INFOPLIST_FILE = "Doge Price WowTests/Doge Price WowTests-Info.plist";
				PRODUCT_NAME = "$(TARGET_NAME)";
				TEST_HOST = "$(BUNDLE_LOADER)";
				WRAPPER_EXTENSION = xctest;
			};
			name = Release;
		};
/* End XCBuildConfiguration section */

/* Begin XCConfigurationList section */
		932EA79818AF351D0003D9A3 /* Build configuration list for PBXProject "Doge Price Wow" */ = {
			isa = XCConfigurationList;
			buildConfigurations = (
				932EA7CD18AF351D0003D9A3 /* Debug */,
				932EA7CE18AF351D0003D9A3 /* Release */,
			);
			defaultConfigurationIsVisible = 0;
			defaultConfigurationName = Release;
		};
		932EA7CF18AF351D0003D9A3 /* Build configuration list for PBXNativeTarget "Doge Price Wow" */ = {
			isa = XCConfigurationList;
			buildConfigurations = (
				932EA7D018AF351D0003D9A3 /* Debug */,
				932EA7D118AF351D0003D9A3 /* Release */,
			);
			defaultConfigurationIsVisible = 0;
		};
		932EA7D218AF351D0003D9A3 /* Build configuration list for PBXNativeTarget "Doge Price WowTests" */ = {
			isa = XCConfigurationList;
			buildConfigurations = (
				932EA7D318AF351D0003D9A3 /* Debug */,
				932EA7D418AF351D0003D9A3 /* Release */,
			);
			defaultConfigurationIsVisible = 0;
		};
/* End XCConfigurationList section */
	};
	rootObject = 932EA79518AF351D0003D9A3 /* Project object */;
}
